// !$*UTF8*$!
{
	archiveVersion = 1;
	classes = {
	};
	objectVersion = 50;
	objects = {

/* Begin PBXBuildFile section */
		D150BE7B234769A20083968C /* AppDelegate.swift in Sources */ = {isa = PBXBuildFile; fileRef = D150BE7A234769A20083968C /* AppDelegate.swift */; };
		D150BE7D234769A20083968C /* ViewController.swift in Sources */ = {isa = PBXBuildFile; fileRef = D150BE7C234769A20083968C /* ViewController.swift */; };
		D150BE80234769A20083968C /* Main.storyboard in Resources */ = {isa = PBXBuildFile; fileRef = D150BE7E234769A20083968C /* Main.storyboard */; };
		D150BE82234769A60083968C /* Assets.xcassets in Resources */ = {isa = PBXBuildFile; fileRef = D150BE81234769A60083968C /* Assets.xcassets */; };
		D150BE85234769A60083968C /* LaunchScreen.storyboard in Resources */ = {isa = PBXBuildFile; fileRef = D150BE83234769A60083968C /* LaunchScreen.storyboard */; };
		D150BE90234769A60083968C /* MozillaTests.swift in Sources */ = {isa = PBXBuildFile; fileRef = D150BE8F234769A60083968C /* MozillaTests.swift */; };
/* End PBXBuildFile section */

/* Begin PBXContainerItemProxy section */
		D150BE8C234769A60083968C /* PBXContainerItemProxy */ = {
			isa = PBXContainerItemProxy;
			containerPortal = D150BE6F234769A20083968C /* Project object */;
			proxyType = 1;
			remoteGlobalIDString = D150BE76234769A20083968C;
			remoteInfo = Mozilla;
		};
/* End PBXContainerItemProxy section */

/* Begin PBXFileReference section */
		D150BE77234769A20083968C /* Mozilla.app */ = {isa = PBXFileReference; explicitFileType = wrapper.application; includeInIndex = 0; path = Mozilla.app; sourceTree = BUILT_PRODUCTS_DIR; };
		D150BE7A234769A20083968C /* AppDelegate.swift */ = {isa = PBXFileReference; lastKnownFileType = sourcecode.swift; path = AppDelegate.swift; sourceTree = "<group>"; };
		D150BE7C234769A20083968C /* ViewController.swift */ = {isa = PBXFileReference; lastKnownFileType = sourcecode.swift; path = ViewController.swift; sourceTree = "<group>"; };
		D150BE7F234769A20083968C /* Base */ = {isa = PBXFileReference; lastKnownFileType = file.storyboard; name = Base; path = Base.lproj/Main.storyboard; sourceTree = "<group>"; };
		D150BE81234769A60083968C /* Assets.xcassets */ = {isa = PBXFileReference; lastKnownFileType = folder.assetcatalog; path = Assets.xcassets; sourceTree = "<group>"; };
		D150BE84234769A60083968C /* Base */ = {isa = PBXFileReference; lastKnownFileType = file.storyboard; name = Base; path = Base.lproj/LaunchScreen.storyboard; sourceTree = "<group>"; };
		D150BE86234769A60083968C /* Info.plist */ = {isa = PBXFileReference; lastKnownFileType = text.plist.xml; path = Info.plist; sourceTree = "<group>"; };
		D150BE8B234769A60083968C /* MozillaTests.xctest */ = {isa = PBXFileReference; explicitFileType = wrapper.cfbundle; includeInIndex = 0; path = MozillaTests.xctest; sourceTree = BUILT_PRODUCTS_DIR; };
		D150BE8F234769A60083968C /* MozillaTests.swift */ = {isa = PBXFileReference; lastKnownFileType = sourcecode.swift; path = MozillaTests.swift; sourceTree = "<group>"; };
		D150BE91234769A60083968C /* Info.plist */ = {isa = PBXFileReference; lastKnownFileType = text.plist.xml; path = Info.plist; sourceTree = "<group>"; };
/* End PBXFileReference section */

/* Begin PBXFrameworksBuildPhase section */
		D150BE74234769A20083968C /* Frameworks */ = {
			isa = PBXFrameworksBuildPhase;
			buildActionMask = 2147483647;
			files = (
			);
			runOnlyForDeploymentPostprocessing = 0;
		};
		D150BE88234769A60083968C /* Frameworks */ = {
			isa = PBXFrameworksBuildPhase;
			buildActionMask = 2147483647;
			files = (
			);
			runOnlyForDeploymentPostprocessing = 0;
		};
/* End PBXFrameworksBuildPhase section */

/* Begin PBXGroup section */
		D150BE6E234769A20083968C = {
			isa = PBXGroup;
			children = (
				D150BE79234769A20083968C /* Mozilla */,
				D150BE8E234769A60083968C /* MozillaTests */,
				D150BE78234769A20083968C /* Products */,
			);
			sourceTree = "<group>";
		};
		D150BE78234769A20083968C /* Products */ = {
			isa = PBXGroup;
			children = (
				D150BE77234769A20083968C /* Mozilla.app */,
				D150BE8B234769A60083968C /* MozillaTests.xctest */,
			);
			name = Products;
			sourceTree = "<group>";
		};
		D150BE79234769A20083968C /* Mozilla */ = {
			isa = PBXGroup;
			children = (
				D150BE7A234769A20083968C /* AppDelegate.swift */,
				D150BE7C234769A20083968C /* ViewController.swift */,
				D150BE7E234769A20083968C /* Main.storyboard */,
				D150BE81234769A60083968C /* Assets.xcassets */,
				D150BE83234769A60083968C /* LaunchScreen.storyboard */,
				D150BE86234769A60083968C /* Info.plist */,
			);
			path = Mozilla;
			sourceTree = "<group>";
		};
		D150BE8E234769A60083968C /* MozillaTests */ = {
			isa = PBXGroup;
			children = (
				D150BE8F234769A60083968C /* MozillaTests.swift */,
				D150BE91234769A60083968C /* Info.plist */,
			);
			path = MozillaTests;
			sourceTree = "<group>";
		};
/* End PBXGroup section */

/* Begin PBXNativeTarget section */
		D150BE76234769A20083968C /* Mozilla */ = {
			isa = PBXNativeTarget;
			buildConfigurationList = D150BE94234769A60083968C /* Build configuration list for PBXNativeTarget "Mozilla" */;
			buildPhases = (
				D150BE73234769A20083968C /* Sources */,
				D150BE74234769A20083968C /* Frameworks */,
				D150BE75234769A20083968C /* Resources */,
			);
			buildRules = (
			);
			dependencies = (
			);
			name = Mozilla;
			productName = Mozilla;
			productReference = D150BE77234769A20083968C /* Mozilla.app */;
			productType = "com.apple.product-type.application";
		};
		D150BE8A234769A60083968C /* MozillaTests */ = {
			isa = PBXNativeTarget;
			buildConfigurationList = D150BE97234769A60083968C /* Build configuration list for PBXNativeTarget "MozillaTests" */;
			buildPhases = (
				D150BE87234769A60083968C /* Sources */,
				D150BE88234769A60083968C /* Frameworks */,
				D150BE89234769A60083968C /* Resources */,
			);
			buildRules = (
			);
			dependencies = (
				D150BE8D234769A60083968C /* PBXTargetDependency */,
			);
			name = MozillaTests;
			productName = MozillaTests;
			productReference = D150BE8B234769A60083968C /* MozillaTests.xctest */;
			productType = "com.apple.product-type.bundle.unit-test";
		};
/* End PBXNativeTarget section */

/* Begin PBXProject section */
		D150BE6F234769A20083968C /* Project object */ = {
			isa = PBXProject;
			attributes = {
				LastSwiftUpdateCheck = 1020;
				LastUpgradeCheck = 1020;
				ORGANIZATIONNAME = "Konstantin Klyatskin";
				TargetAttributes = {
					D150BE76234769A20083968C = {
						CreatedOnToolsVersion = 10.2.1;
					};
					D150BE8A234769A60083968C = {
						CreatedOnToolsVersion = 10.2.1;
						TestTargetID = D150BE76234769A20083968C;
					};
				};
			};
			buildConfigurationList = D150BE72234769A20083968C /* Build configuration list for PBXProject "Mozilla" */;
			compatibilityVersion = "Xcode 9.3";
			developmentRegion = en;
			hasScannedForEncodings = 0;
			knownRegions = (
				en,
				Base,
			);
			mainGroup = D150BE6E234769A20083968C;
			productRefGroup = D150BE78234769A20083968C /* Products */;
			projectDirPath = "";
			projectRoot = "";
			targets = (
				D150BE76234769A20083968C /* Mozilla */,
				D150BE8A234769A60083968C /* MozillaTests */,
			);
		};
/* End PBXProject section */

/* Begin PBXResourcesBuildPhase section */
		D150BE75234769A20083968C /* Resources */ = {
			isa = PBXResourcesBuildPhase;
			buildActionMask = 2147483647;
			files = (
				D150BE85234769A60083968C /* LaunchScreen.storyboard in Resources */,
				D150BE82234769A60083968C /* Assets.xcassets in Resources */,
				D150BE80234769A20083968C /* Main.storyboard in Resources */,
			);
			runOnlyForDeploymentPostprocessing = 0;
		};
		D150BE89234769A60083968C /* Resources */ = {
			isa = PBXResourcesBuildPhase;
			buildActionMask = 2147483647;
			files = (
			);
			runOnlyForDeploymentPostprocessing = 0;
		};
/* End PBXResourcesBuildPhase section */

/* Begin PBXSourcesBuildPhase section */
		D150BE73234769A20083968C /* Sources */ = {
			isa = PBXSourcesBuildPhase;
			buildActionMask = 2147483647;
			files = (
				D150BE7D234769A20083968C /* ViewController.swift in Sources */,
				D150BE7B234769A20083968C /* AppDelegate.swift in Sources */,
			);
			runOnlyForDeploymentPostprocessing = 0;
		};
		D150BE87234769A60083968C /* Sources */ = {
			isa = PBXSourcesBuildPhase;
			buildActionMask = 2147483647;
			files = (
				D150BE90234769A60083968C /* MozillaTests.swift in Sources */,
			);
			runOnlyForDeploymentPostprocessing = 0;
		};
/* End PBXSourcesBuildPhase section */

/* Begin PBXTargetDependency section */
		D150BE8D234769A60083968C /* PBXTargetDependency */ = {
			isa = PBXTargetDependency;
			target = D150BE76234769A20083968C /* Mozilla */;
			targetProxy = D150BE8C234769A60083968C /* PBXContainerItemProxy */;
		};
/* End PBXTargetDependency section */

/* Begin PBXVariantGroup section */
		D150BE7E234769A20083968C /* Main.storyboard */ = {
			isa = PBXVariantGroup;
			children = (
				D150BE7F234769A20083968C /* Base */,
			);
			name = Main.storyboard;
			sourceTree = "<group>";
		};
		D150BE83234769A60083968C /* LaunchScreen.storyboard */ = {
			isa = PBXVariantGroup;
			children = (
				D150BE84234769A60083968C /* Base */,
			);
			name = LaunchScreen.storyboard;
			sourceTree = "<group>";
		};
/* End PBXVariantGroup section */

/* Begin XCBuildConfiguration section */
		D150BE92234769A60083968C /* Debug */ = {
			isa = XCBuildConfiguration;
			buildSettings = {
				ALWAYS_SEARCH_USER_PATHS = NO;
				CLANG_ANALYZER_NONNULL = YES;
				CLANG_ANALYZER_NUMBER_OBJECT_CONVERSION = YES_AGGRESSIVE;
				CLANG_CXX_LANGUAGE_STANDARD = "gnu++14";
				CLANG_CXX_LIBRARY = "libc++";
				CLANG_ENABLE_MODULES = YES;
				CLANG_ENABLE_OBJC_ARC = YES;
				CLANG_ENABLE_OBJC_WEAK = YES;
				CLANG_WARN_BLOCK_CAPTURE_AUTORELEASING = YES;
				CLANG_WARN_BOOL_CONVERSION = YES;
				CLANG_WARN_COMMA = YES;
				CLANG_WARN_CONSTANT_CONVERSION = YES;
				CLANG_WARN_DEPRECATED_OBJC_IMPLEMENTATIONS = YES;
				CLANG_WARN_DIRECT_OBJC_ISA_USAGE = YES_ERROR;
				CLANG_WARN_DOCUMENTATION_COMMENTS = YES;
				CLANG_WARN_EMPTY_BODY = YES;
				CLANG_WARN_ENUM_CONVERSION = YES;
				CLANG_WARN_INFINITE_RECURSION = YES;
				CLANG_WARN_INT_CONVERSION = YES;
				CLANG_WARN_NON_LITERAL_NULL_CONVERSION = YES;
				CLANG_WARN_OBJC_IMPLICIT_RETAIN_SELF = YES;
				CLANG_WARN_OBJC_LITERAL_CONVERSION = YES;
				CLANG_WARN_OBJC_ROOT_CLASS = YES_ERROR;
				CLANG_WARN_RANGE_LOOP_ANALYSIS = YES;
				CLANG_WARN_STRICT_PROTOTYPES = YES;
				CLANG_WARN_SUSPICIOUS_MOVE = YES;
				CLANG_WARN_UNGUARDED_AVAILABILITY = YES_AGGRESSIVE;
				CLANG_WARN_UNREACHABLE_CODE = YES;
				CLANG_WARN__DUPLICATE_METHOD_MATCH = YES;
				CODE_SIGN_IDENTITY = "iPhone Developer";
				COPY_PHASE_STRIP = NO;
				DEBUG_INFORMATION_FORMAT = dwarf;
				ENABLE_STRICT_OBJC_MSGSEND = YES;
				ENABLE_TESTABILITY = YES;
				GCC_C_LANGUAGE_STANDARD = gnu11;
				GCC_DYNAMIC_NO_PIC = NO;
				GCC_NO_COMMON_BLOCKS = YES;
				GCC_OPTIMIZATION_LEVEL = 0;
				GCC_PREPROCESSOR_DEFINITIONS = (
					"DEBUG=1",
					"$(inherited)",
				);
				GCC_WARN_64_TO_32_BIT_CONVERSION = YES;
				GCC_WARN_ABOUT_RETURN_TYPE = YES_ERROR;
				GCC_WARN_UNDECLARED_SELECTOR = YES;
				GCC_WARN_UNINITIALIZED_AUTOS = YES_AGGRESSIVE;
				GCC_WARN_UNUSED_FUNCTION = YES;
				GCC_WARN_UNUSED_VARIABLE = YES;
				IPHONEOS_DEPLOYMENT_TARGET = 12.2;
				MTL_ENABLE_DEBUG_INFO = INCLUDE_SOURCE;
				MTL_FAST_MATH = YES;
				ONLY_ACTIVE_ARCH = YES;
				SDKROOT = iphoneos;
				SWIFT_ACTIVE_COMPILATION_CONDITIONS = DEBUG;
				SWIFT_OPTIMIZATION_LEVEL = "-Onone";
			};
			name = Debug;
		};
		D150BE93234769A60083968C /* Release */ = {
			isa = XCBuildConfiguration;
			buildSettings = {
				ALWAYS_SEARCH_USER_PATHS = NO;
				CLANG_ANALYZER_NONNULL = YES;
				CLANG_ANALYZER_NUMBER_OBJECT_CONVERSION = YES_AGGRESSIVE;
				CLANG_CXX_LANGUAGE_STANDARD = "gnu++14";
				CLANG_CXX_LIBRARY = "libc++";
				CLANG_ENABLE_MODULES = YES;
				CLANG_ENABLE_OBJC_ARC = YES;
				CLANG_ENABLE_OBJC_WEAK = YES;
				CLANG_WARN_BLOCK_CAPTURE_AUTORELEASING = YES;
				CLANG_WARN_BOOL_CONVERSION = YES;
				CLANG_WARN_COMMA = YES;
				CLANG_WARN_CONSTANT_CONVERSION = YES;
				CLANG_WARN_DEPRECATED_OBJC_IMPLEMENTATIONS = YES;
				CLANG_WARN_DIRECT_OBJC_ISA_USAGE = YES_ERROR;
				CLANG_WARN_DOCUMENTATION_COMMENTS = YES;
				CLANG_WARN_EMPTY_BODY = YES;
				CLANG_WARN_ENUM_CONVERSION = YES;
				CLANG_WARN_INFINITE_RECURSION = YES;
				CLANG_WARN_INT_CONVERSION = YES;
				CLANG_WARN_NON_LITERAL_NULL_CONVERSION = YES;
				CLANG_WARN_OBJC_IMPLICIT_RETAIN_SELF = YES;
				CLANG_WARN_OBJC_LITERAL_CONVERSION = YES;
				CLANG_WARN_OBJC_ROOT_CLASS = YES_ERROR;
				CLANG_WARN_RANGE_LOOP_ANALYSIS = YES;
				CLANG_WARN_STRICT_PROTOTYPES = YES;
				CLANG_WARN_SUSPICIOUS_MOVE = YES;
				CLANG_WARN_UNGUARDED_AVAILABILITY = YES_AGGRESSIVE;
				CLANG_WARN_UNREACHABLE_CODE = YES;
				CLANG_WARN__DUPLICATE_METHOD_MATCH = YES;
				CODE_SIGN_IDENTITY = "iPhone Developer";
				COPY_PHASE_STRIP = NO;
				DEBUG_INFORMATION_FORMAT = "dwarf-with-dsym";
				ENABLE_NS_ASSERTIONS = NO;
				ENABLE_STRICT_OBJC_MSGSEND = YES;
				GCC_C_LANGUAGE_STANDARD = gnu11;
				GCC_NO_COMMON_BLOCKS = YES;
				GCC_WARN_64_TO_32_BIT_CONVERSION = YES;
				GCC_WARN_ABOUT_RETURN_TYPE = YES_ERROR;
				GCC_WARN_UNDECLARED_SELECTOR = YES;
				GCC_WARN_UNINITIALIZED_AUTOS = YES_AGGRESSIVE;
				GCC_WARN_UNUSED_FUNCTION = YES;
				GCC_WARN_UNUSED_VARIABLE = YES;
				IPHONEOS_DEPLOYMENT_TARGET = 12.2;
				MTL_ENABLE_DEBUG_INFO = NO;
				MTL_FAST_MATH = YES;
				SDKROOT = iphoneos;
				SWIFT_COMPILATION_MODE = wholemodule;
				SWIFT_OPTIMIZATION_LEVEL = "-O";
				VALIDATE_PRODUCT = YES;
			};
			name = Release;
		};
		D150BE95234769A60083968C /* Debug */ = {
			isa = XCBuildConfiguration;
			buildSettings = {
				ASSETCATALOG_COMPILER_APPICON_NAME = AppIcon;
				CODE_SIGN_STYLE = Automatic;
				DEVELOPMENT_TEAM = Y9ZFK399Y3;
				INFOPLIST_FILE = Mozilla/Info.plist;
				LD_RUNPATH_SEARCH_PATHS = (
					"$(inherited)",
					"@executable_path/Frameworks",
				);
				PRODUCT_BUNDLE_IDENTIFIER = com.planetdrives.Mozilla;
				PRODUCT_NAME = "$(TARGET_NAME)";
				SWIFT_VERSION = 5.0;
				TARGETED_DEVICE_FAMILY = "1,2";
			};
			name = Debug;
		};
		D150BE96234769A60083968C /* Release */ = {
			isa = XCBuildConfiguration;
			buildSettings = {
				ASSETCATALOG_COMPILER_APPICON_NAME = AppIcon;
				CODE_SIGN_STYLE = Automatic;
				DEVELOPMENT_TEAM = Y9ZFK399Y3;
				INFOPLIST_FILE = Mozilla/Info.plist;
				LD_RUNPATH_SEARCH_PATHS = (
					"$(inherited)",
					"@executable_path/Frameworks",
				);
				PRODUCT_BUNDLE_IDENTIFIER = com.planetdrives.Mozilla;
				PRODUCT_NAME = "$(TARGET_NAME)";
				SWIFT_VERSION = 5.0;
				TARGETED_DEVICE_FAMILY = "1,2";
			};
			name = Release;
		};
		D150BE98234769A60083968C /* Debug */ = {
			isa = XCBuildConfiguration;
			buildSettings = {
				ALWAYS_EMBED_SWIFT_STANDARD_LIBRARIES = YES;
				BUNDLE_LOADER = "$(TEST_HOST)";
				CODE_SIGN_STYLE = Automatic;
				DEVELOPMENT_TEAM = Y9ZFK399Y3;
				INFOPLIST_FILE = MozillaTests/Info.plist;
				LD_RUNPATH_SEARCH_PATHS = (
					"$(inherited)",
					"@executable_path/Frameworks",
					"@loader_path/Frameworks",
				);
				PRODUCT_BUNDLE_IDENTIFIER = com.planetdrives.MozillaTests;
				PRODUCT_NAME = "$(TARGET_NAME)";
				SWIFT_VERSION = 5.0;
				TARGETED_DEVICE_FAMILY = "1,2";
				TEST_HOST = "$(BUILT_PRODUCTS_DIR)/Mozilla.app/Mozilla";
			};
			name = Debug;
		};
		D150BE99234769A60083968C /* Release */ = {
			isa = XCBuildConfiguration;
			buildSettings = {
				ALWAYS_EMBED_SWIFT_STANDARD_LIBRARIES = YES;
				BUNDLE_LOADER = "$(TEST_HOST)";
				CODE_SIGN_STYLE = Automatic;
				DEVELOPMENT_TEAM = Y9ZFK399Y3;
				INFOPLIST_FILE = MozillaTests/Info.plist;
				LD_RUNPATH_SEARCH_PATHS = (
					"$(inherited)",
					"@executable_path/Frameworks",
					"@loader_path/Frameworks",
				);
				PRODUCT_BUNDLE_IDENTIFIER = com.planetdrives.MozillaTests;
				PRODUCT_NAME = "$(TARGET_NAME)";
				SWIFT_VERSION = 5.0;
				TARGETED_DEVICE_FAMILY = "1,2";
				TEST_HOST = "$(BUILT_PRODUCTS_DIR)/Mozilla.app/Mozilla";
			};
			name = Release;
		};
/* End XCBuildConfiguration section */

/* Begin XCConfigurationList section */
		D150BE72234769A20083968C /* Build configuration list for PBXProject "Mozilla" */ = {
			isa = XCConfigurationList;
			buildConfigurations = (
				D150BE92234769A60083968C /* Debug */,
				D150BE93234769A60083968C /* Release */,
			);
			defaultConfigurationIsVisible = 0;
			defaultConfigurationName = Release;
		};
		D150BE94234769A60083968C /* Build configuration list for PBXNativeTarget "Mozilla" */ = {
			isa = XCConfigurationList;
			buildConfigurations = (
				D150BE95234769A60083968C /* Debug */,
				D150BE96234769A60083968C /* Release */,
			);
			defaultConfigurationIsVisible = 0;
			defaultConfigurationName = Release;
		};
		D150BE97234769A60083968C /* Build configuration list for PBXNativeTarget "MozillaTests" */ = {
			isa = XCConfigurationList;
			buildConfigurations = (
				D150BE98234769A60083968C /* Debug */,
				D150BE99234769A60083968C /* Release */,
			);
			defaultConfigurationIsVisible = 0;
			defaultConfigurationName = Release;
		};
/* End XCConfigurationList section */
	};
	rootObject = D150BE6F234769A20083968C /* Project object */;
}
